
Microsoft Visual Studio Solution File, Format Version 12.00
# Visual Studio Version 16
VisualStudioVersion = 16.0.30503.244
MinimumVisualStudioVersion = 10.0.40219.1
Project("{FAE04EC0-301F-11D3-BF4B-00C04F79EFBC}") = "MdiApplication", "MdiApplication\MdiApplication.csproj", "{DB278821-2A9B-4EDB-868E-8708B9877CDC}"
EndProject
Global
	GlobalSection(SolutionConfigurationPlatforms) = preSolution
		Debug|Any CPU = Debug|Any CPU
		Release|Any CPU = Release|Any CPU
	EndGlobalSection
	GlobalSection(ProjectConfigurationPlatforms) = postSolution
		{DB278821-2A9B-4EDB-868E-8708B9877CDC}.Debug|Any CPU.ActiveCfg = Debug|Any CPU
		{DB278821-2A9B-4EDB-868E-8708B9877CDC}.Debug|Any CPU.Build.0 = Debug|Any CPU
		{DB278821-2A9B-4EDB-868E-8708B9877CDC}.Release|Any CPU.ActiveCfg = Release|Any CPU
		{DB278821-2A9B-4EDB-868E-8708B9877CDC}.Release|Any CPU.Build.0 = Release|Any CPU
	EndGlobalSection
	GlobalSection(SolutionProperties) = preSolution
		HideSolutionNode = FALSE
	EndGlobalSection
	GlobalSection(ExtensibilityGlobals) = postSolution
		SolutionGuid = {89559A6A-306D-41A9-8253-E1175B7071CC}
	EndGlobalSection
EndGlobal
