
Microsoft Visual Studio Solution File, Format Version 12.00
# Visual Studio Version 16
VisualStudioVersion = 16.0.30503.244
MinimumVisualStudioVersion = 10.0.40219.1
Project("{FAE04EC0-301F-11D3-BF4B-00C04F79EFBC}") = "WinTimer2", "WinTimer2\WinTimer2.csproj", "{03B095BA-FFBF-4CFB-836C-B1CC0E1EAE3D}"
EndProject
Global
	GlobalSection(SolutionConfigurationPlatforms) = preSolution
		Debug|Any CPU = Debug|Any CPU
		Release|Any CPU = Release|Any CPU
	EndGlobalSection
	GlobalSection(ProjectConfigurationPlatforms) = postSolution
		{03B095BA-FFBF-4CFB-836C-B1CC0E1EAE3D}.Debug|Any CPU.ActiveCfg = Debug|Any CPU
		{03B095BA-FFBF-4CFB-836C-B1CC0E1EAE3D}.Debug|Any CPU.Build.0 = Debug|Any CPU
		{03B095BA-FFBF-4CFB-836C-B1CC0E1EAE3D}.Release|Any CPU.ActiveCfg = Release|Any CPU
		{03B095BA-FFBF-4CFB-836C-B1CC0E1EAE3D}.Release|Any CPU.Build.0 = Release|Any CPU
	EndGlobalSection
	GlobalSection(SolutionProperties) = preSolution
		HideSolutionNode = FALSE
	EndGlobalSection
	GlobalSection(ExtensibilityGlobals) = postSolution
		SolutionGuid = {74646225-326D-4369-9C07-FDA966985C2B}
	EndGlobalSection
EndGlobal
