
Microsoft Visual Studio Solution File, Format Version 12.00
# Visual Studio Version 16
VisualStudioVersion = 16.0.30503.244
MinimumVisualStudioVersion = 10.0.40219.1
Project("{FAE04EC0-301F-11D3-BF4B-00C04F79EFBC}") = "TestStandartDialog", "TestStandartDialog\TestStandartDialog.csproj", "{84C0470F-AD10-411A-9DAE-7ABDC85C8E5C}"
EndProject
Global
	GlobalSection(SolutionConfigurationPlatforms) = preSolution
		Debug|Any CPU = Debug|Any CPU
		Release|Any CPU = Release|Any CPU
	EndGlobalSection
	GlobalSection(ProjectConfigurationPlatforms) = postSolution
		{84C0470F-AD10-411A-9DAE-7ABDC85C8E5C}.Debug|Any CPU.ActiveCfg = Debug|Any CPU
		{84C0470F-AD10-411A-9DAE-7ABDC85C8E5C}.Debug|Any CPU.Build.0 = Debug|Any CPU
		{84C0470F-AD10-411A-9DAE-7ABDC85C8E5C}.Release|Any CPU.ActiveCfg = Release|Any CPU
		{84C0470F-AD10-411A-9DAE-7ABDC85C8E5C}.Release|Any CPU.Build.0 = Release|Any CPU
	EndGlobalSection
	GlobalSection(SolutionProperties) = preSolution
		HideSolutionNode = FALSE
	EndGlobalSection
	GlobalSection(ExtensibilityGlobals) = postSolution
		SolutionGuid = {C7D494C7-5130-4FC6-805A-6E798B40285C}
	EndGlobalSection
EndGlobal
