
Microsoft Visual Studio Solution File, Format Version 12.00
# Visual Studio Version 16
VisualStudioVersion = 16.0.30503.244
MinimumVisualStudioVersion = 10.0.40219.1
Project("{FAE04EC0-301F-11D3-BF4B-00C04F79EFBC}") = "WinContainer", "WinContainer\WinContainer.csproj", "{F3E61B83-DBA3-4156-930A-743C30EA2890}"
EndProject
Global
	GlobalSection(SolutionConfigurationPlatforms) = preSolution
		Debug|Any CPU = Debug|Any CPU
		Release|Any CPU = Release|Any CPU
	EndGlobalSection
	GlobalSection(ProjectConfigurationPlatforms) = postSolution
		{F3E61B83-DBA3-4156-930A-743C30EA2890}.Debug|Any CPU.ActiveCfg = Debug|Any CPU
		{F3E61B83-DBA3-4156-930A-743C30EA2890}.Debug|Any CPU.Build.0 = Debug|Any CPU
		{F3E61B83-DBA3-4156-930A-743C30EA2890}.Release|Any CPU.ActiveCfg = Release|Any CPU
		{F3E61B83-DBA3-4156-930A-743C30EA2890}.Release|Any CPU.Build.0 = Release|Any CPU
	EndGlobalSection
	GlobalSection(SolutionProperties) = preSolution
		HideSolutionNode = FALSE
	EndGlobalSection
	GlobalSection(ExtensibilityGlobals) = postSolution
		SolutionGuid = {83FEABFB-EFD4-40E8-B856-D1D6F4EE1E52}
	EndGlobalSection
EndGlobal
