
Microsoft Visual Studio Solution File, Format Version 12.00
# Visual Studio Version 16
VisualStudioVersion = 16.0.30503.244
MinimumVisualStudioVersion = 10.0.40219.1
Project("{FAE04EC0-301F-11D3-BF4B-00C04F79EFBC}") = "Windows Form", "Windows Form\Windows Form.csproj", "{A827E83C-B888-4DAF-9B09-E51B88972692}"
EndProject
Global
	GlobalSection(SolutionConfigurationPlatforms) = preSolution
		Debug|Any CPU = Debug|Any CPU
		Release|Any CPU = Release|Any CPU
	EndGlobalSection
	GlobalSection(ProjectConfigurationPlatforms) = postSolution
		{A827E83C-B888-4DAF-9B09-E51B88972692}.Debug|Any CPU.ActiveCfg = Debug|Any CPU
		{A827E83C-B888-4DAF-9B09-E51B88972692}.Debug|Any CPU.Build.0 = Debug|Any CPU
		{A827E83C-B888-4DAF-9B09-E51B88972692}.Release|Any CPU.ActiveCfg = Release|Any CPU
		{A827E83C-B888-4DAF-9B09-E51B88972692}.Release|Any CPU.Build.0 = Release|Any CPU
	EndGlobalSection
	GlobalSection(SolutionProperties) = preSolution
		HideSolutionNode = FALSE
	EndGlobalSection
	GlobalSection(ExtensibilityGlobals) = postSolution
		SolutionGuid = {9A57DC4F-B63F-4FB7-8D9F-82352187D35F}
	EndGlobalSection
EndGlobal
